
Microsoft Visual Studio Solution File, Format Version 12.00
# Visual Studio Version 17
VisualStudioVersion = 17.12.35527.113 d17.12
MinimumVisualStudioVersion = 10.0.40219.1
Project("{FAE04EC0-301F-11D3-BF4B-00C04F79EFBC}") = "NotificationService", "NotificationService\NotificationService.csproj", "{B4481911-E061-4112-95F4-D2FA5B70E09A}"
EndProject
Global
	GlobalSection(SolutionConfigurationPlatforms) = preSolution
		Debug|Any CPU = Debug|Any CPU
		Release|Any CPU = Release|Any CPU
	EndGlobalSection
	GlobalSection(ProjectConfigurationPlatforms) = postSolution
		{B4481911-E061-4112-95F4-D2FA5B70E09A}.Debug|Any CPU.ActiveCfg = Debug|Any CPU
		{B4481911-E061-4112-95F4-D2FA5B70E09A}.Debug|Any CPU.Build.0 = Debug|Any CPU
		{B4481911-E061-4112-95F4-D2FA5B70E09A}.Release|Any CPU.ActiveCfg = Release|Any CPU
		{B4481911-E061-4112-95F4-D2FA5B70E09A}.Release|Any CPU.Build.0 = Release|Any CPU
	EndGlobalSection
	GlobalSection(SolutionProperties) = preSolution
		HideSolutionNode = FALSE
	EndGlobalSection
EndGlobal
